
Microsoft Visual Studio Solution File, Format Version 12.00
# Visual Studio Version 16
VisualStudioVersion = 16.0.31112.23
MinimumVisualStudioVersion = 10.0.40219.1
Project("{2150E333-8FDC-42A3-9474-1A3956D46DE8}") = "BuildingBlocks", "BuildingBlocks", "{06D6998D-3DB7-4601-933D-B80BD86340DA}"
EndProject
Project("{9A19103F-16F7-4668-BE54-9A1E7A4F7556}") = "DataAccess", "BuildingBlocks\DataAccess\DataAccess.csproj", "{6A8CE8E1-E19B-44B8-9B1B-94096D4C7296}"
EndProject
Project("{9A19103F-16F7-4668-BE54-9A1E7A4F7556}") = "Api", "Api\Api.csproj", "{38241699-0358-4678-BAC5-A9CC5CD83D7A}"
EndProject
Project("{9A19103F-16F7-4668-BE54-9A1E7A4F7556}") = "Core", "Core\Core.csproj", "{7568E4E1-0B85-4DB2-BDA4-1A72429F5FB2}"
EndProject
Global
	GlobalSection(SolutionConfigurationPlatforms) = preSolution
		Debug|Any CPU = Debug|Any CPU
		Release|Any CPU = Release|Any CPU
	EndGlobalSection
	GlobalSection(ProjectConfigurationPlatforms) = postSolution
		{6A8CE8E1-E19B-44B8-9B1B-94096D4C7296}.Debug|Any CPU.ActiveCfg = Debug|Any CPU
		{6A8CE8E1-E19B-44B8-9B1B-94096D4C7296}.Debug|Any CPU.Build.0 = Debug|Any CPU
		{6A8CE8E1-E19B-44B8-9B1B-94096D4C7296}.Release|Any CPU.ActiveCfg = Release|Any CPU
		{6A8CE8E1-E19B-44B8-9B1B-94096D4C7296}.Release|Any CPU.Build.0 = Release|Any CPU
		{38241699-0358-4678-BAC5-A9CC5CD83D7A}.Debug|Any CPU.ActiveCfg = Debug|Any CPU
		{38241699-0358-4678-BAC5-A9CC5CD83D7A}.Debug|Any CPU.Build.0 = Debug|Any CPU
		{38241699-0358-4678-BAC5-A9CC5CD83D7A}.Release|Any CPU.ActiveCfg = Release|Any CPU
		{38241699-0358-4678-BAC5-A9CC5CD83D7A}.Release|Any CPU.Build.0 = Release|Any CPU
		{7568E4E1-0B85-4DB2-BDA4-1A72429F5FB2}.Debug|Any CPU.ActiveCfg = Debug|Any CPU
		{7568E4E1-0B85-4DB2-BDA4-1A72429F5FB2}.Debug|Any CPU.Build.0 = Debug|Any CPU
		{7568E4E1-0B85-4DB2-BDA4-1A72429F5FB2}.Release|Any CPU.ActiveCfg = Release|Any CPU
		{7568E4E1-0B85-4DB2-BDA4-1A72429F5FB2}.Release|Any CPU.Build.0 = Release|Any CPU
	EndGlobalSection
	GlobalSection(SolutionProperties) = preSolution
		HideSolutionNode = FALSE
	EndGlobalSection
	GlobalSection(NestedProjects) = preSolution
		{6A8CE8E1-E19B-44B8-9B1B-94096D4C7296} = {06D6998D-3DB7-4601-933D-B80BD86340DA}
	EndGlobalSection
	GlobalSection(ExtensibilityGlobals) = postSolution
		SolutionGuid = {0925600B-6F74-4EEA-8810-A0D506CCAAA9}
	EndGlobalSection
EndGlobal
